// !$*UTF8*$!
{
	archiveVersion = 1;
	classes = {
	};
	objectVersion = 56;
	objects = {

/* Begin PBXBuildFile section */
		30A48486F17795FD600DEC61 /* Pods_F1CC_4.framework in Frameworks */ = {isa = PBXBuildFile; fileRef = EEEDFDC6B2EEBBF5695AB973 /* Pods_F1CC_4.framework */; };
		553CCEB1BCF2E85B5B7D8EE1 /* Pods_F1CC_4Tests.framework in Frameworks */ = {isa = PBXBuildFile; fileRef = 9DEB38640E0E01D92D77E489 /* Pods_F1CC_4Tests.framework */; };
		6FCC5E9C77AA2B1FA1E7861B /* Pods_F1CC_4_F1CC_4UITests.framework in Frameworks */ = {isa = PBXBuildFile; fileRef = F4FD5D3D8EF90A2CE365AF7F /* Pods_F1CC_4_F1CC_4UITests.framework */; };
		B00F31AA29C39417007D698A /* F1CC_4App.swift in Sources */ = {isa = PBXBuildFile; fileRef = B00F31A929C39417007D698A /* F1CC_4App.swift */; };
		B00F31AC29C39417007D698A /* ContentView.swift in Sources */ = {isa = PBXBuildFile; fileRef = B00F31AB29C39417007D698A /* ContentView.swift */; };
		B00F31AE29C3941A007D698A /* Assets.xcassets in Resources */ = {isa = PBXBuildFile; fileRef = B00F31AD29C3941A007D698A /* Assets.xcassets */; };
		B00F31B129C3941A007D698A /* Preview Assets.xcassets in Resources */ = {isa = PBXBuildFile; fileRef = B00F31B029C3941A007D698A /* Preview Assets.xcassets */; };
		B00F31BB29C3941A007D698A /* F1CC_4Tests.swift in Sources */ = {isa = PBXBuildFile; fileRef = B00F31BA29C3941A007D698A /* F1CC_4Tests.swift */; };
		B00F31C529C3941A007D698A /* F1CC_4UITests.swift in Sources */ = {isa = PBXBuildFile; fileRef = B00F31C429C3941A007D698A /* F1CC_4UITests.swift */; };
		B00F31C729C3941A007D698A /* F1CC_4UITestsLaunchTests.swift in Sources */ = {isa = PBXBuildFile; fileRef = B00F31C629C3941A007D698A /* F1CC_4UITestsLaunchTests.swift */; };
		B00F31D629C394EB007D698A /* Interstitial.swift in Sources */ = {isa = PBXBuildFile; fileRef = B00F31D529C394EB007D698A /* Interstitial.swift */; };
		B00F31DB29C3953A007D698A /* testdata5 min.txt in Resources */ = {isa = PBXBuildFile; fileRef = B00F31D729C3953A007D698A /* testdata5 min.txt */; };
		B00F31DC29C3953A007D698A /* testdata5 mid.txt in Resources */ = {isa = PBXBuildFile; fileRef = B00F31D829C3953A007D698A /* testdata5 mid.txt */; };
		B00F31DD29C3953A007D698A /* testdata5.txt in Resources */ = {isa = PBXBuildFile; fileRef = B00F31D929C3953A007D698A /* testdata5.txt */; };
		B00F31DE29C3953A007D698A /* testdata5 max.txt in Resources */ = {isa = PBXBuildFile; fileRef = B00F31DA29C3953A007D698A /* testdata5 max.txt */; };
		B00F31E029C39555007D698A /* AppDelegate.swift in Sources */ = {isa = PBXBuildFile; fileRef = B00F31DF29C39555007D698A /* AppDelegate.swift */; };
		B00F31E229C39849007D698A /* MainView.swift in Sources */ = {isa = PBXBuildFile; fileRef = B00F31E129C39849007D698A /* MainView.swift */; };
		B00F31E429C3985D007D698A /* SplashScreenView.swift in Sources */ = {isa = PBXBuildFile; fileRef = B00F31E329C3985D007D698A /* SplashScreenView.swift */; };
		B00F31E629C39865007D698A /* DriverView.swift in Sources */ = {isa = PBXBuildFile; fileRef = B00F31E529C39865007D698A /* DriverView.swift */; };
		B00F31E829C39870007D698A /* PartUpdateView.swift in Sources */ = {isa = PBXBuildFile; fileRef = B00F31E729C39870007D698A /* PartUpdateView.swift */; };
		B00F31EA29C3987A007D698A /* DriverUpdateView.swift in Sources */ = {isa = PBXBuildFile; fileRef = B00F31E929C3987A007D698A /* DriverUpdateView.swift */; };
		B00F31EC29C39883007D698A /* CarView.swift in Sources */ = {isa = PBXBuildFile; fileRef = B00F31EB29C39883007D698A /* CarView.swift */; };
		B00F31EE29C3988C007D698A /* TestView.swift in Sources */ = {isa = PBXBuildFile; fileRef = B00F31ED29C3988C007D698A /* TestView.swift */; };
		B00F31F029C39897007D698A /* RecsView.swift in Sources */ = {isa = PBXBuildFile; fileRef = B00F31EF29C39897007D698A /* RecsView.swift */; };
		B00F31F229C398AA007D698A /* DHJColour.swift in Sources */ = {isa = PBXBuildFile; fileRef = B00F31F129C398AA007D698A /* DHJColour.swift */; };
		B00F31F429C398BB007D698A /* DBHandler.swift in Sources */ = {isa = PBXBuildFile; fileRef = B00F31F329C398BB007D698A /* DBHandler.swift */; };
		B00F31F829C3B787007D698A /* Localizable.strings in Resources */ = {isa = PBXBuildFile; fileRef = B00F31FA29C3B787007D698A /* Localizable.strings */; };
/* End PBXBuildFile section */

/* Begin PBXContainerItemProxy section */
		B00F31B729C3941A007D698A /* PBXContainerItemProxy */ = {
			isa = PBXContainerItemProxy;
			containerPortal = B00F319E29C39417007D698A /* Project object */;
			proxyType = 1;
			remoteGlobalIDString = B00F31A529C39417007D698A;
			remoteInfo = F1CC_4;
		};
		B00F31C129C3941A007D698A /* PBXContainerItemProxy */ = {
			isa = PBXContainerItemProxy;
			containerPortal = B00F319E29C39417007D698A /* Project object */;
			proxyType = 1;
			remoteGlobalIDString = B00F31A529C39417007D698A;
			remoteInfo = F1CC_4;
		};
/* End PBXContainerItemProxy section */

/* Begin PBXFileReference section */
		00E198F60EF79DF11E6D312C /* Pods-F1CC_4.release.xcconfig */ = {isa = PBXFileReference; includeInIndex = 1; lastKnownFileType = text.xcconfig; name = "Pods-F1CC_4.release.xcconfig"; path = "Target Support Files/Pods-F1CC_4/Pods-F1CC_4.release.xcconfig"; sourceTree = "<group>"; };
		08EA6A69D8E6303436FE4F64 /* Pods-F1CC_4-F1CC_4UITests.debug.xcconfig */ = {isa = PBXFileReference; includeInIndex = 1; lastKnownFileType = text.xcconfig; name = "Pods-F1CC_4-F1CC_4UITests.debug.xcconfig"; path = "Target Support Files/Pods-F1CC_4-F1CC_4UITests/Pods-F1CC_4-F1CC_4UITests.debug.xcconfig"; sourceTree = "<group>"; };
		1941B76611DB2779C9764CA6 /* Pods-F1CC_4Tests.release.xcconfig */ = {isa = PBXFileReference; includeInIndex = 1; lastKnownFileType = text.xcconfig; name = "Pods-F1CC_4Tests.release.xcconfig"; path = "Target Support Files/Pods-F1CC_4Tests/Pods-F1CC_4Tests.release.xcconfig"; sourceTree = "<group>"; };
		5AC40C75714EA40E06A46324 /* Pods-F1CC_4.debug.xcconfig */ = {isa = PBXFileReference; includeInIndex = 1; lastKnownFileType = text.xcconfig; name = "Pods-F1CC_4.debug.xcconfig"; path = "Target Support Files/Pods-F1CC_4/Pods-F1CC_4.debug.xcconfig"; sourceTree = "<group>"; };
		9DEB38640E0E01D92D77E489 /* Pods_F1CC_4Tests.framework */ = {isa = PBXFileReference; explicitFileType = wrapper.framework; includeInIndex = 0; path = Pods_F1CC_4Tests.framework; sourceTree = BUILT_PRODUCTS_DIR; };
		A3683ED3238422A012B5691B /* Pods-F1CC_4-F1CC_4UITests.release.xcconfig */ = {isa = PBXFileReference; includeInIndex = 1; lastKnownFileType = text.xcconfig; name = "Pods-F1CC_4-F1CC_4UITests.release.xcconfig"; path = "Target Support Files/Pods-F1CC_4-F1CC_4UITests/Pods-F1CC_4-F1CC_4UITests.release.xcconfig"; sourceTree = "<group>"; };
		AD6984A37F1E67628824D999 /* Pods-F1CC_4Tests.debug.xcconfig */ = {isa = PBXFileReference; includeInIndex = 1; lastKnownFileType = text.xcconfig; name = "Pods-F1CC_4Tests.debug.xcconfig"; path = "Target Support Files/Pods-F1CC_4Tests/Pods-F1CC_4Tests.debug.xcconfig"; sourceTree = "<group>"; };
		B00F31A629C39417007D698A /* F1CC_4.app */ = {isa = PBXFileReference; explicitFileType = wrapper.application; includeInIndex = 0; path = F1CC_4.app; sourceTree = BUILT_PRODUCTS_DIR; };
		B00F31A929C39417007D698A /* F1CC_4App.swift */ = {isa = PBXFileReference; lastKnownFileType = sourcecode.swift; path = F1CC_4App.swift; sourceTree = "<group>"; };
		B00F31AB29C39417007D698A /* ContentView.swift */ = {isa = PBXFileReference; lastKnownFileType = sourcecode.swift; path = ContentView.swift; sourceTree = "<group>"; };
		B00F31AD29C3941A007D698A /* Assets.xcassets */ = {isa = PBXFileReference; lastKnownFileType = folder.assetcatalog; path = Assets.xcassets; sourceTree = "<group>"; };
		B00F31B029C3941A007D698A /* Preview Assets.xcassets */ = {isa = PBXFileReference; lastKnownFileType = folder.assetcatalog; path = "Preview Assets.xcassets"; sourceTree = "<group>"; };
		B00F31B629C3941A007D698A /* F1CC_4Tests.xctest */ = {isa = PBXFileReference; explicitFileType = wrapper.cfbundle; includeInIndex = 0; path = F1CC_4Tests.xctest; sourceTree = BUILT_PRODUCTS_DIR; };
		B00F31BA29C3941A007D698A /* F1CC_4Tests.swift */ = {isa = PBXFileReference; lastKnownFileType = sourcecode.swift; path = F1CC_4Tests.swift; sourceTree = "<group>"; };
		B00F31C029C3941A007D698A /* F1CC_4UITests.xctest */ = {isa = PBXFileReference; explicitFileType = wrapper.cfbundle; includeInIndex = 0; path = F1CC_4UITests.xctest; sourceTree = BUILT_PRODUCTS_DIR; };
		B00F31C429C3941A007D698A /* F1CC_4UITests.swift */ = {isa = PBXFileReference; lastKnownFileType = sourcecode.swift; path = F1CC_4UITests.swift; sourceTree = "<group>"; };
		B00F31C629C3941A007D698A /* F1CC_4UITestsLaunchTests.swift */ = {isa = PBXFileReference; lastKnownFileType = sourcecode.swift; path = F1CC_4UITestsLaunchTests.swift; sourceTree = "<group>"; };
		B00F31D529C394EB007D698A /* Interstitial.swift */ = {isa = PBXFileReference; lastKnownFileType = sourcecode.swift; path = Interstitial.swift; sourceTree = "<group>"; };
		B00F31D729C3953A007D698A /* testdata5 min.txt */ = {isa = PBXFileReference; fileEncoding = 4; lastKnownFileType = text; path = "testdata5 min.txt"; sourceTree = "<group>"; };
		B00F31D829C3953A007D698A /* testdata5 mid.txt */ = {isa = PBXFileReference; fileEncoding = 4; lastKnownFileType = text; path = "testdata5 mid.txt"; sourceTree = "<group>"; };
		B00F31D929C3953A007D698A /* testdata5.txt */ = {isa = PBXFileReference; fileEncoding = 4; lastKnownFileType = text; path = testdata5.txt; sourceTree = "<group>"; };
		B00F31DA29C3953A007D698A /* testdata5 max.txt */ = {isa = PBXFileReference; fileEncoding = 4; lastKnownFileType = text; path = "testdata5 max.txt"; sourceTree = "<group>"; };
		B00F31DF29C39555007D698A /* AppDelegate.swift */ = {isa = PBXFileReference; lastKnownFileType = sourcecode.swift; path = AppDelegate.swift; sourceTree = "<group>"; };
		B00F31E129C39849007D698A /* MainView.swift */ = {isa = PBXFileReference; lastKnownFileType = sourcecode.swift; path = MainView.swift; sourceTree = "<group>"; };
		B00F31E329C3985D007D698A /* SplashScreenView.swift */ = {isa = PBXFileReference; lastKnownFileType = sourcecode.swift; path = SplashScreenView.swift; sourceTree = "<group>"; };
		B00F31E529C39865007D698A /* DriverView.swift */ = {isa = PBXFileReference; lastKnownFileType = sourcecode.swift; path = DriverView.swift; sourceTree = "<group>"; };
		B00F31E729C39870007D698A /* PartUpdateView.swift */ = {isa = PBXFileReference; lastKnownFileType = sourcecode.swift; path = PartUpdateView.swift; sourceTree = "<group>"; };
		B00F31E929C3987A007D698A /* DriverUpdateView.swift */ = {isa = PBXFileReference; lastKnownFileType = sourcecode.swift; path = DriverUpdateView.swift; sourceTree = "<group>"; };
		B00F31EB29C39883007D698A /* CarView.swift */ = {isa = PBXFileReference; lastKnownFileType = sourcecode.swift; path = CarView.swift; sourceTree = "<group>"; };
		B00F31ED29C3988C007D698A /* TestView.swift */ = {isa = PBXFileReference; lastKnownFileType = sourcecode.swift; path = TestView.swift; sourceTree = "<group>"; };
		B00F31EF29C39897007D698A /* RecsView.swift */ = {isa = PBXFileReference; lastKnownFileType = sourcecode.swift; path = RecsView.swift; sourceTree = "<group>"; };
		B00F31F129C398AA007D698A /* DHJColour.swift */ = {isa = PBXFileReference; lastKnownFileType = sourcecode.swift; path = DHJColour.swift; sourceTree = "<group>"; };
		B00F31F329C398BB007D698A /* DBHandler.swift */ = {isa = PBXFileReference; lastKnownFileType = sourcecode.swift; path = DBHandler.swift; sourceTree = "<group>"; };
		B00F31F529C3AA33007D698A /* F1CC-4-Info.plist */ = {isa = PBXFileReference; lastKnownFileType = text.plist; path = "F1CC-4-Info.plist"; sourceTree = SOURCE_ROOT; };
		B00F31F929C3B787007D698A /* en */ = {isa = PBXFileReference; lastKnownFileType = text.plist.strings; name = en; path = en.lproj/Localizable.strings; sourceTree = "<group>"; };
		B00F31FB29C3B854007D698A /* fr */ = {isa = PBXFileReference; lastKnownFileType = text.plist.strings; name = fr; path = fr.lproj/Localizable.strings; sourceTree = "<group>"; };
		B00F31FC29C3B990007D698A /* de */ = {isa = PBXFileReference; lastKnownFileType = text.plist.strings; name = de; path = de.lproj/Localizable.strings; sourceTree = "<group>"; };
		B00F31FD29C3B998007D698A /* it */ = {isa = PBXFileReference; lastKnownFileType = text.plist.strings; name = it; path = it.lproj/Localizable.strings; sourceTree = "<group>"; };
		B00F31FE29C3B99E007D698A /* es */ = {isa = PBXFileReference; lastKnownFileType = text.plist.strings; name = es; path = es.lproj/Localizable.strings; sourceTree = "<group>"; };
		EEEDFDC6B2EEBBF5695AB973 /* Pods_F1CC_4.framework */ = {isa = PBXFileReference; explicitFileType = wrapper.framework; includeInIndex = 0; path = Pods_F1CC_4.framework; sourceTree = BUILT_PRODUCTS_DIR; };
		F4FD5D3D8EF90A2CE365AF7F /* Pods_F1CC_4_F1CC_4UITests.framework */ = {isa = PBXFileReference; explicitFileType = wrapper.framework; includeInIndex = 0; path = Pods_F1CC_4_F1CC_4UITests.framework; sourceTree = BUILT_PRODUCTS_DIR; };
/* End PBXFileReference section */

/* Begin PBXFrameworksBuildPhase section */
		B00F31A329C39417007D698A /* Frameworks */ = {
			isa = PBXFrameworksBuildPhase;
			buildActionMask = 2147483647;
			files = (
				30A48486F17795FD600DEC61 /* Pods_F1CC_4.framework in Frameworks */,
			);
			runOnlyForDeploymentPostprocessing = 0;
		};
		B00F31B329C3941A007D698A /* Frameworks */ = {
			isa = PBXFrameworksBuildPhase;
			buildActionMask = 2147483647;
			files = (
				553CCEB1BCF2E85B5B7D8EE1 /* Pods_F1CC_4Tests.framework in Frameworks */,
			);
			runOnlyForDeploymentPostprocessing = 0;
		};
		B00F31BD29C3941A007D698A /* Frameworks */ = {
			isa = PBXFrameworksBuildPhase;
			buildActionMask = 2147483647;
			files = (
				6FCC5E9C77AA2B1FA1E7861B /* Pods_F1CC_4_F1CC_4UITests.framework in Frameworks */,
			);
			runOnlyForDeploymentPostprocessing = 0;
		};
/* End PBXFrameworksBuildPhase section */

/* Begin PBXGroup section */
		B00F319D29C39417007D698A = {
			isa = PBXGroup;
			children = (
				B00F31A829C39417007D698A /* F1CC_4 */,
				B00F31B929C3941A007D698A /* F1CC_4Tests */,
				B00F31C329C3941A007D698A /* F1CC_4UITests */,
				B00F31A729C39417007D698A /* Products */,
				C529C573DBB54F8A38E19FC6 /* Pods */,
				FA8E577EA1C93227B955A586 /* Frameworks */,
			);
			sourceTree = "<group>";
		};
		B00F31A729C39417007D698A /* Products */ = {
			isa = PBXGroup;
			children = (
				B00F31A629C39417007D698A /* F1CC_4.app */,
				B00F31B629C3941A007D698A /* F1CC_4Tests.xctest */,
				B00F31C029C3941A007D698A /* F1CC_4UITests.xctest */,
			);
			name = Products;
			sourceTree = "<group>";
		};
		B00F31A829C39417007D698A /* F1CC_4 */ = {
			isa = PBXGroup;
			children = (
				B00F31F529C3AA33007D698A /* F1CC-4-Info.plist */,
				B00F31A929C39417007D698A /* F1CC_4App.swift */,
				B00F31AB29C39417007D698A /* ContentView.swift */,
				B00F31E129C39849007D698A /* MainView.swift */,
				B00F31E329C3985D007D698A /* SplashScreenView.swift */,
				B00F31E529C39865007D698A /* DriverView.swift */,
				B00F31E729C39870007D698A /* PartUpdateView.swift */,
				B00F31E929C3987A007D698A /* DriverUpdateView.swift */,
				B00F31EB29C39883007D698A /* CarView.swift */,
				B00F31FA29C3B787007D698A /* Localizable.strings */,
				B00F31ED29C3988C007D698A /* TestView.swift */,
				B00F31EF29C39897007D698A /* RecsView.swift */,
				B00F31F129C398AA007D698A /* DHJColour.swift */,
				B00F31D529C394EB007D698A /* Interstitial.swift */,
				B00F31DF29C39555007D698A /* AppDelegate.swift */,
				B00F31F329C398BB007D698A /* DBHandler.swift */,
				B00F31AD29C3941A007D698A /* Assets.xcassets */,
				B00F31DA29C3953A007D698A /* testdata5 max.txt */,
				B00F31D829C3953A007D698A /* testdata5 mid.txt */,
				B00F31D729C3953A007D698A /* testdata5 min.txt */,
				B00F31D929C3953A007D698A /* testdata5.txt */,
				B00F31AF29C3941A007D698A /* Preview Content */,
			);
			path = F1CC_4;
			sourceTree = "<group>";
		};
		B00F31AF29C3941A007D698A /* Preview Content */ = {
			isa = PBXGroup;
			children = (
				B00F31B029C3941A007D698A /* Preview Assets.xcassets */,
			);
			path = "Preview Content";
			sourceTree = "<group>";
		};
		B00F31B929C3941A007D698A /* F1CC_4Tests */ = {
			isa = PBXGroup;
			children = (
				B00F31BA29C3941A007D698A /* F1CC_4Tests.swift */,
			);
			path = F1CC_4Tests;
			sourceTree = "<group>";
		};
		B00F31C329C3941A007D698A /* F1CC_4UITests */ = {
			isa = PBXGroup;
			children = (
				B00F31C429C3941A007D698A /* F1CC_4UITests.swift */,
				B00F31C629C3941A007D698A /* F1CC_4UITestsLaunchTests.swift */,
			);
			path = F1CC_4UITests;
			sourceTree = "<group>";
		};
		C529C573DBB54F8A38E19FC6 /* Pods */ = {
			isa = PBXGroup;
			children = (
				5AC40C75714EA40E06A46324 /* Pods-F1CC_4.debug.xcconfig */,
				00E198F60EF79DF11E6D312C /* Pods-F1CC_4.release.xcconfig */,
				08EA6A69D8E6303436FE4F64 /* Pods-F1CC_4-F1CC_4UITests.debug.xcconfig */,
				A3683ED3238422A012B5691B /* Pods-F1CC_4-F1CC_4UITests.release.xcconfig */,
				AD6984A37F1E67628824D999 /* Pods-F1CC_4Tests.debug.xcconfig */,
				1941B76611DB2779C9764CA6 /* Pods-F1CC_4Tests.release.xcconfig */,
			);
			path = Pods;
			sourceTree = "<group>";
		};
		FA8E577EA1C93227B955A586 /* Frameworks */ = {
			isa = PBXGroup;
			children = (
				EEEDFDC6B2EEBBF5695AB973 /* Pods_F1CC_4.framework */,
				F4FD5D3D8EF90A2CE365AF7F /* Pods_F1CC_4_F1CC_4UITests.framework */,
				9DEB38640E0E01D92D77E489 /* Pods_F1CC_4Tests.framework */,
			);
			name = Frameworks;
			sourceTree = "<group>";
		};
/* End PBXGroup section */

/* Begin PBXNativeTarget section */
		B00F31A529C39417007D698A /* F1CC_4 */ = {
			isa = PBXNativeTarget;
			buildConfigurationList = B00F31CA29C3941A007D698A /* Build configuration list for PBXNativeTarget "F1CC_4" */;
			buildPhases = (
				EB018040F61B629F5651A490 /* [CP] Check Pods Manifest.lock */,
				B00F31A229C39417007D698A /* Sources */,
				B00F31A329C39417007D698A /* Frameworks */,
				B00F31A429C39417007D698A /* Resources */,
				47B0785EABED0A778EA0D296 /* [CP] Embed Pods Frameworks */,
			);
			buildRules = (
			);
			dependencies = (
			);
			name = F1CC_4;
			productName = F1CC_4;
			productReference = B00F31A629C39417007D698A /* F1CC_4.app */;
			productType = "com.apple.product-type.application";
		};
		B00F31B529C3941A007D698A /* F1CC_4Tests */ = {
			isa = PBXNativeTarget;
			buildConfigurationList = B00F31CD29C3941A007D698A /* Build configuration list for PBXNativeTarget "F1CC_4Tests" */;
			buildPhases = (
				5285A8C6DB90EECF0A9A5584 /* [CP] Check Pods Manifest.lock */,
				B00F31B229C3941A007D698A /* Sources */,
				B00F31B329C3941A007D698A /* Frameworks */,
				B00F31B429C3941A007D698A /* Resources */,
			);
			buildRules = (
			);
			dependencies = (
				B00F31B829C3941A007D698A /* PBXTargetDependency */,
			);
			name = F1CC_4Tests;
			productName = F1CC_4Tests;
			productReference = B00F31B629C3941A007D698A /* F1CC_4Tests.xctest */;
			productType = "com.apple.product-type.bundle.unit-test";
		};
		B00F31BF29C3941A007D698A /* F1CC_4UITests */ = {
			isa = PBXNativeTarget;
			buildConfigurationList = B00F31D029C3941A007D698A /* Build configuration list for PBXNativeTarget "F1CC_4UITests" */;
			buildPhases = (
				20C08EE82BD8D6F3B7789C3D /* [CP] Check Pods Manifest.lock */,
				B00F31BC29C3941A007D698A /* Sources */,
				B00F31BD29C3941A007D698A /* Frameworks */,
				B00F31BE29C3941A007D698A /* Resources */,
				3E97EDE97A95F358AD3043F5 /* [CP] Embed Pods Frameworks */,
			);
			buildRules = (
			);
			dependencies = (
				B00F31C229C3941A007D698A /* PBXTargetDependency */,
			);
			name = F1CC_4UITests;
			productName = F1CC_4UITests;
			productReference = B00F31C029C3941A007D698A /* F1CC_4UITests.xctest */;
			productType = "com.apple.product-type.bundle.ui-testing";
		};
/* End PBXNativeTarget section */

/* Begin PBXProject section */
		B00F319E29C39417007D698A /* Project object */ = {
			isa = PBXProject;
			attributes = {
				BuildIndependentTargetsInParallel = 1;
				LastSwiftUpdateCheck = 1420;
				LastUpgradeCheck = 1420;
				TargetAttributes = {
					B00F31A529C39417007D698A = {
						CreatedOnToolsVersion = 14.2;
					};
					B00F31B529C3941A007D698A = {
						CreatedOnToolsVersion = 14.2;
						TestTargetID = B00F31A529C39417007D698A;
					};
					B00F31BF29C3941A007D698A = {
						CreatedOnToolsVersion = 14.2;
						TestTargetID = B00F31A529C39417007D698A;
					};
				};
			};
			buildConfigurationList = B00F31A129C39417007D698A /* Build configuration list for PBXProject "F1CC_4" */;
			compatibilityVersion = "Xcode 14.0";
			developmentRegion = en;
			hasScannedForEncodings = 0;
			knownRegions = (
				en,
				Base,
				fr,
				de,
				it,
				es,
			);
			mainGroup = B00F319D29C39417007D698A;
			productRefGroup = B00F31A729C39417007D698A /* Products */;
			projectDirPath = "";
			projectRoot = "";
			targets = (
				B00F31A529C39417007D698A /* F1CC_4 */,
				B00F31B529C3941A007D698A /* F1CC_4Tests */,
				B00F31BF29C3941A007D698A /* F1CC_4UITests */,
			);
		};
/* End PBXProject section */

/* Begin PBXResourcesBuildPhase section */
		B00F31A429C39417007D698A /* Resources */ = {
			isa = PBXResourcesBuildPhase;
			buildActionMask = 2147483647;
			files = (
				B00F31DC29C3953A007D698A /* testdata5 mid.txt in Resources */,
				B00F31DD29C3953A007D698A /* testdata5.txt in Resources */,
				B00F31B129C3941A007D698A /* Preview Assets.xcassets in Resources */,
				B00F31F829C3B787007D698A /* Localizable.strings in Resources */,
				B00F31DB29C3953A007D698A /* testdata5 min.txt in Resources */,
				B00F31DE29C3953A007D698A /* testdata5 max.txt in Resources */,
				B00F31AE29C3941A007D698A /* Assets.xcassets in Resources */,
			);
			runOnlyForDeploymentPostprocessing = 0;
		};
		B00F31B429C3941A007D698A /* Resources */ = {
			isa = PBXResourcesBuildPhase;
			buildActionMask = 2147483647;
			files = (
			);
			runOnlyForDeploymentPostprocessing = 0;
		};
		B00F31BE29C3941A007D698A /* Resources */ = {
			isa = PBXResourcesBuildPhase;
			buildActionMask = 2147483647;
			files = (
			);
			runOnlyForDeploymentPostprocessing = 0;
		};
/* End PBXResourcesBuildPhase section */

/* Begin PBXShellScriptBuildPhase section */
		20C08EE82BD8D6F3B7789C3D /* [CP] Check Pods Manifest.lock */ = {
			isa = PBXShellScriptBuildPhase;
			buildActionMask = 2147483647;
			files = (
			);
			inputFileListPaths = (
			);
			inputPaths = (
				"${PODS_PODFILE_DIR_PATH}/Podfile.lock",
				"${PODS_ROOT}/Manifest.lock",
			);
			name = "[CP] Check Pods Manifest.lock";
			outputFileListPaths = (
			);
			outputPaths = (
				"$(DERIVED_FILE_DIR)/Pods-F1CC_4-F1CC_4UITests-checkManifestLockResult.txt",
			);
			runOnlyForDeploymentPostprocessing = 0;
			shellPath = /bin/sh;
			shellScript = "diff \"${PODS_PODFILE_DIR_PATH}/Podfile.lock\" \"${PODS_ROOT}/Manifest.lock\" > /dev/null\nif [ $? != 0 ] ; then\n    # print error to STDERR\n    echo \"error: The sandbox is not in sync with the Podfile.lock. Run 'pod install' or update your CocoaPods installation.\" >&2\n    exit 1\nfi\n# This output is used by Xcode 'outputs' to avoid re-running this script phase.\necho \"SUCCESS\" > \"${SCRIPT_OUTPUT_FILE_0}\"\n";
			showEnvVarsInLog = 0;
		};
		3E97EDE97A95F358AD3043F5 /* [CP] Embed Pods Frameworks */ = {
			isa = PBXShellScriptBuildPhase;
			buildActionMask = 2147483647;
			files = (
			);
			inputFileListPaths = (
				"${PODS_ROOT}/Target Support Files/Pods-F1CC_4-F1CC_4UITests/Pods-F1CC_4-F1CC_4UITests-frameworks-${CONFIGURATION}-input-files.xcfilelist",
			);
			name = "[CP] Embed Pods Frameworks";
			outputFileListPaths = (
				"${PODS_ROOT}/Target Support Files/Pods-F1CC_4-F1CC_4UITests/Pods-F1CC_4-F1CC_4UITests-frameworks-${CONFIGURATION}-output-files.xcfilelist",
			);
			runOnlyForDeploymentPostprocessing = 0;
			shellPath = /bin/sh;
			shellScript = "\"${PODS_ROOT}/Target Support Files/Pods-F1CC_4-F1CC_4UITests/Pods-F1CC_4-F1CC_4UITests-frameworks.sh\"\n";
			showEnvVarsInLog = 0;
		};
		47B0785EABED0A778EA0D296 /* [CP] Embed Pods Frameworks */ = {
			isa = PBXShellScriptBuildPhase;
			buildActionMask = 2147483647;
			files = (
			);
			inputFileListPaths = (
				"${PODS_ROOT}/Target Support Files/Pods-F1CC_4/Pods-F1CC_4-frameworks-${CONFIGURATION}-input-files.xcfilelist",
			);
			name = "[CP] Embed Pods Frameworks";
			outputFileListPaths = (
				"${PODS_ROOT}/Target Support Files/Pods-F1CC_4/Pods-F1CC_4-frameworks-${CONFIGURATION}-output-files.xcfilelist",
			);
			runOnlyForDeploymentPostprocessing = 0;
			shellPath = /bin/sh;
			shellScript = "\"${PODS_ROOT}/Target Support Files/Pods-F1CC_4/Pods-F1CC_4-frameworks.sh\"\n";
			showEnvVarsInLog = 0;
		};
		5285A8C6DB90EECF0A9A5584 /* [CP] Check Pods Manifest.lock */ = {
			isa = PBXShellScriptBuildPhase;
			buildActionMask = 2147483647;
			files = (
			);
			inputFileListPaths = (
			);
			inputPaths = (
				"${PODS_PODFILE_DIR_PATH}/Podfile.lock",
				"${PODS_ROOT}/Manifest.lock",
			);
			name = "[CP] Check Pods Manifest.lock";
			outputFileListPaths = (
			);
			outputPaths = (
				"$(DERIVED_FILE_DIR)/Pods-F1CC_4Tests-checkManifestLockResult.txt",
			);
			runOnlyForDeploymentPostprocessing = 0;
			shellPath = /bin/sh;
			shellScript = "diff \"${PODS_PODFILE_DIR_PATH}/Podfile.lock\" \"${PODS_ROOT}/Manifest.lock\" > /dev/null\nif [ $? != 0 ] ; then\n    # print error to STDERR\n    echo \"error: The sandbox is not in sync with the Podfile.lock. Run 'pod install' or update your CocoaPods installation.\" >&2\n    exit 1\nfi\n# This output is used by Xcode 'outputs' to avoid re-running this script phase.\necho \"SUCCESS\" > \"${SCRIPT_OUTPUT_FILE_0}\"\n";
			showEnvVarsInLog = 0;
		};
		EB018040F61B629F5651A490 /* [CP] Check Pods Manifest.lock */ = {
			isa = PBXShellScriptBuildPhase;
			buildActionMask = 2147483647;
			files = (
			);
			inputFileListPaths = (
			);
			inputPaths = (
				"${PODS_PODFILE_DIR_PATH}/Podfile.lock",
				"${PODS_ROOT}/Manifest.lock",
			);
			name = "[CP] Check Pods Manifest.lock";
			outputFileListPaths = (
			);
			outputPaths = (
				"$(DERIVED_FILE_DIR)/Pods-F1CC_4-checkManifestLockResult.txt",
			);
			runOnlyForDeploymentPostprocessing = 0;
			shellPath = /bin/sh;
			shellScript = "diff \"${PODS_PODFILE_DIR_PATH}/Podfile.lock\" \"${PODS_ROOT}/Manifest.lock\" > /dev/null\nif [ $? != 0 ] ; then\n    # print error to STDERR\n    echo \"error: The sandbox is not in sync with the Podfile.lock. Run 'pod install' or update your CocoaPods installation.\" >&2\n    exit 1\nfi\n# This output is used by Xcode 'outputs' to avoid re-running this script phase.\necho \"SUCCESS\" > \"${SCRIPT_OUTPUT_FILE_0}\"\n";
			showEnvVarsInLog = 0;
		};
/* End PBXShellScriptBuildPhase section */

/* Begin PBXSourcesBuildPhase section */
		B00F31A229C39417007D698A /* Sources */ = {
			isa = PBXSourcesBuildPhase;
			buildActionMask = 2147483647;
			files = (
				B00F31E629C39865007D698A /* DriverView.swift in Sources */,
				B00F31EC29C39883007D698A /* CarView.swift in Sources */,
				B00F31EE29C3988C007D698A /* TestView.swift in Sources */,
				B00F31E029C39555007D698A /* AppDelegate.swift in Sources */,
				B00F31D629C394EB007D698A /* Interstitial.swift in Sources */,
				B00F31AC29C39417007D698A /* ContentView.swift in Sources */,
				B00F31EA29C3987A007D698A /* DriverUpdateView.swift in Sources */,
				B00F31E829C39870007D698A /* PartUpdateView.swift in Sources */,
				B00F31F429C398BB007D698A /* DBHandler.swift in Sources */,
				B00F31E229C39849007D698A /* MainView.swift in Sources */,
				B00F31F029C39897007D698A /* RecsView.swift in Sources */,
				B00F31AA29C39417007D698A /* F1CC_4App.swift in Sources */,
				B00F31E429C3985D007D698A /* SplashScreenView.swift in Sources */,
				B00F31F229C398AA007D698A /* DHJColour.swift in Sources */,
			);
			runOnlyForDeploymentPostprocessing = 0;
		};
		B00F31B229C3941A007D698A /* Sources */ = {
			isa = PBXSourcesBuildPhase;
			buildActionMask = 2147483647;
			files = (
				B00F31BB29C3941A007D698A /* F1CC_4Tests.swift in Sources */,
			);
			runOnlyForDeploymentPostprocessing = 0;
		};
		B00F31BC29C3941A007D698A /* Sources */ = {
			isa = PBXSourcesBuildPhase;
			buildActionMask = 2147483647;
			files = (
				B00F31C729C3941A007D698A /* F1CC_4UITestsLaunchTests.swift in Sources */,
				B00F31C529C3941A007D698A /* F1CC_4UITests.swift in Sources */,
			);
			runOnlyForDeploymentPostprocessing = 0;
		};
/* End PBXSourcesBuildPhase section */

/* Begin PBXTargetDependency section */
		B00F31B829C3941A007D698A /* PBXTargetDependency */ = {
			isa = PBXTargetDependency;
			target = B00F31A529C39417007D698A /* F1CC_4 */;
			targetProxy = B00F31B729C3941A007D698A /* PBXContainerItemProxy */;
		};
		B00F31C229C3941A007D698A /* PBXTargetDependency */ = {
			isa = PBXTargetDependency;
			target = B00F31A529C39417007D698A /* F1CC_4 */;
			targetProxy = B00F31C129C3941A007D698A /* PBXContainerItemProxy */;
		};
/* End PBXTargetDependency section */

/* Begin PBXVariantGroup section */
		B00F31FA29C3B787007D698A /* Localizable.strings */ = {
			isa = PBXVariantGroup;
			children = (
				B00F31F929C3B787007D698A /* en */,
				B00F31FB29C3B854007D698A /* fr */,
				B00F31FC29C3B990007D698A /* de */,
				B00F31FD29C3B998007D698A /* it */,
				B00F31FE29C3B99E007D698A /* es */,
			);
			name = Localizable.strings;
			sourceTree = "<group>";
		};
/* End PBXVariantGroup section */

/* Begin XCBuildConfiguration section */
		B00F31C829C3941A007D698A /* Debug */ = {
			isa = XCBuildConfiguration;
			buildSettings = {
				ALWAYS_SEARCH_USER_PATHS = NO;
				CLANG_ANALYZER_LOCALIZABILITY_NONLOCALIZED = YES;
				CLANG_ANALYZER_NONNULL = YES;
				CLANG_ANALYZER_NUMBER_OBJECT_CONVERSION = YES_AGGRESSIVE;
				CLANG_CXX_LANGUAGE_STANDARD = "gnu++20";
				CLANG_ENABLE_MODULES = YES;
				CLANG_ENABLE_OBJC_ARC = YES;
				CLANG_ENABLE_OBJC_WEAK = YES;
				CLANG_WARN_BLOCK_CAPTURE_AUTORELEASING = YES;
				CLANG_WARN_BOOL_CONVERSION = YES;
				CLANG_WARN_COMMA = YES;
				CLANG_WARN_CONSTANT_CONVERSION = YES;
				CLANG_WARN_DEPRECATED_OBJC_IMPLEMENTATIONS = YES;
				CLANG_WARN_DIRECT_OBJC_ISA_USAGE = YES_ERROR;
				CLANG_WARN_DOCUMENTATION_COMMENTS = YES;
				CLANG_WARN_EMPTY_BODY = YES;
				CLANG_WARN_ENUM_CONVERSION = YES;
				CLANG_WARN_INFINITE_RECURSION = YES;
				CLANG_WARN_INT_CONVERSION = YES;
				CLANG_WARN_NON_LITERAL_NULL_CONVERSION = YES;
				CLANG_WARN_OBJC_IMPLICIT_RETAIN_SELF = YES;
				CLANG_WARN_OBJC_LITERAL_CONVERSION = YES;
				CLANG_WARN_OBJC_ROOT_CLASS = YES_ERROR;
				CLANG_WARN_QUOTED_INCLUDE_IN_FRAMEWORK_HEADER = YES;
				CLANG_WARN_RANGE_LOOP_ANALYSIS = YES;
				CLANG_WARN_STRICT_PROTOTYPES = YES;
				CLANG_WARN_SUSPICIOUS_MOVE = YES;
				CLANG_WARN_UNGUARDED_AVAILABILITY = YES_AGGRESSIVE;
				CLANG_WARN_UNREACHABLE_CODE = YES;
				CLANG_WARN__DUPLICATE_METHOD_MATCH = YES;
				COPY_PHASE_STRIP = NO;
				DEBUG_INFORMATION_FORMAT = dwarf;
				ENABLE_STRICT_OBJC_MSGSEND = YES;
				ENABLE_TESTABILITY = YES;
				GCC_C_LANGUAGE_STANDARD = gnu11;
				GCC_DYNAMIC_NO_PIC = NO;
				GCC_NO_COMMON_BLOCKS = YES;
				GCC_OPTIMIZATION_LEVEL = 0;
				GCC_PREPROCESSOR_DEFINITIONS = (
					"DEBUG=1",
					"$(inherited)",
				);
				GCC_WARN_64_TO_32_BIT_CONVERSION = YES;
				GCC_WARN_ABOUT_RETURN_TYPE = YES_ERROR;
				GCC_WARN_UNDECLARED_SELECTOR = YES;
				GCC_WARN_UNINITIALIZED_AUTOS = YES_AGGRESSIVE;
				GCC_WARN_UNUSED_FUNCTION = YES;
				GCC_WARN_UNUSED_VARIABLE = YES;
				IPHONEOS_DEPLOYMENT_TARGET = 16.2;
				MTL_ENABLE_DEBUG_INFO = INCLUDE_SOURCE;
				MTL_FAST_MATH = YES;
				ONLY_ACTIVE_ARCH = YES;
				SDKROOT = iphoneos;
				SWIFT_ACTIVE_COMPILATION_CONDITIONS = DEBUG;
				SWIFT_OPTIMIZATION_LEVEL = "-Onone";
			};
			name = Debug;
		};
		B00F31C929C3941A007D698A /* Release */ = {
			isa = XCBuildConfiguration;
			buildSettings = {
				ALWAYS_SEARCH_USER_PATHS = NO;
				CLANG_ANALYZER_LOCALIZABILITY_NONLOCALIZED = YES;
				CLANG_ANALYZER_NONNULL = YES;
				CLANG_ANALYZER_NUMBER_OBJECT_CONVERSION = YES_AGGRESSIVE;
				CLANG_CXX_LANGUAGE_STANDARD = "gnu++20";
				CLANG_ENABLE_MODULES = YES;
				CLANG_ENABLE_OBJC_ARC = YES;
				CLANG_ENABLE_OBJC_WEAK = YES;
				CLANG_WARN_BLOCK_CAPTURE_AUTORELEASING = YES;
				CLANG_WARN_BOOL_CONVERSION = YES;
				CLANG_WARN_COMMA = YES;
				CLANG_WARN_CONSTANT_CONVERSION = YES;
				CLANG_WARN_DEPRECATED_OBJC_IMPLEMENTATIONS = YES;
				CLANG_WARN_DIRECT_OBJC_ISA_USAGE = YES_ERROR;
				CLANG_WARN_DOCUMENTATION_COMMENTS = YES;
				CLANG_WARN_EMPTY_BODY = YES;
				CLANG_WARN_ENUM_CONVERSION = YES;
				CLANG_WARN_INFINITE_RECURSION = YES;
				CLANG_WARN_INT_CONVERSION = YES;
				CLANG_WARN_NON_LITERAL_NULL_CONVERSION = YES;
				CLANG_WARN_OBJC_IMPLICIT_RETAIN_SELF = YES;
				CLANG_WARN_OBJC_LITERAL_CONVERSION = YES;
				CLANG_WARN_OBJC_ROOT_CLASS = YES_ERROR;
				CLANG_WARN_QUOTED_INCLUDE_IN_FRAMEWORK_HEADER = YES;
				CLANG_WARN_RANGE_LOOP_ANALYSIS = YES;
				CLANG_WARN_STRICT_PROTOTYPES = YES;
				CLANG_WARN_SUSPICIOUS_MOVE = YES;
				CLANG_WARN_UNGUARDED_AVAILABILITY = YES_AGGRESSIVE;
				CLANG_WARN_UNREACHABLE_CODE = YES;
				CLANG_WARN__DUPLICATE_METHOD_MATCH = YES;
				COPY_PHASE_STRIP = NO;
				DEBUG_INFORMATION_FORMAT = "dwarf-with-dsym";
				ENABLE_NS_ASSERTIONS = NO;
				ENABLE_STRICT_OBJC_MSGSEND = YES;
				GCC_C_LANGUAGE_STANDARD = gnu11;
				GCC_NO_COMMON_BLOCKS = YES;
				GCC_WARN_64_TO_32_BIT_CONVERSION = YES;
				GCC_WARN_ABOUT_RETURN_TYPE = YES_ERROR;
				GCC_WARN_UNDECLARED_SELECTOR = YES;
				GCC_WARN_UNINITIALIZED_AUTOS = YES_AGGRESSIVE;
				GCC_WARN_UNUSED_FUNCTION = YES;
				GCC_WARN_UNUSED_VARIABLE = YES;
				IPHONEOS_DEPLOYMENT_TARGET = 16.2;
				MTL_ENABLE_DEBUG_INFO = NO;
				MTL_FAST_MATH = YES;
				SDKROOT = iphoneos;
				SWIFT_COMPILATION_MODE = wholemodule;
				SWIFT_OPTIMIZATION_LEVEL = "-O";
				VALIDATE_PRODUCT = YES;
			};
			name = Release;
		};
		B00F31CB29C3941A007D698A /* Debug */ = {
			isa = XCBuildConfiguration;
			baseConfigurationReference = 5AC40C75714EA40E06A46324 /* Pods-F1CC_4.debug.xcconfig */;
			buildSettings = {
				ASSETCATALOG_COMPILER_APPICON_NAME = AppIcon;
				ASSETCATALOG_COMPILER_GLOBAL_ACCENT_COLOR_NAME = AccentColor;
				CODE_SIGN_STYLE = Automatic;
				CURRENT_PROJECT_VERSION = 1;
				DEVELOPMENT_ASSET_PATHS = "\"F1CC_4/Preview Content\"";
				ENABLE_PREVIEWS = YES;
				GENERATE_INFOPLIST_FILE = YES;
				INFOPLIST_FILE = "F1CC-4-Info.plist";
				INFOPLIST_KEY_UIApplicationSceneManifest_Generation = YES;
				INFOPLIST_KEY_UIApplicationSupportsIndirectInputEvents = YES;
				INFOPLIST_KEY_UILaunchScreen_Generation = YES;
				INFOPLIST_KEY_UISupportedInterfaceOrientations_iPad = "UIInterfaceOrientationPortrait UIInterfaceOrientationPortraitUpsideDown UIInterfaceOrientationLandscapeLeft UIInterfaceOrientationLandscapeRight";
				INFOPLIST_KEY_UISupportedInterfaceOrientations_iPhone = "UIInterfaceOrientationPortrait UIInterfaceOrientationLandscapeLeft UIInterfaceOrientationLandscapeRight";
				LD_RUNPATH_SEARCH_PATHS = (
					"$(inherited)",
					"@executable_path/Frameworks",
				);
				MARKETING_VERSION = 1.0;
				PRODUCT_BUNDLE_IDENTIFIER = "David-Joyce.F1CC-4";
				PRODUCT_NAME = "$(TARGET_NAME)";
				SWIFT_EMIT_LOC_STRINGS = YES;
				SWIFT_VERSION = 5.0;
				TARGETED_DEVICE_FAMILY = "1,2";
			};
			name = Debug;
		};
		B00F31CC29C3941A007D698A /* Release */ = {
			isa = XCBuildConfiguration;
			baseConfigurationReference = 00E198F60EF79DF11E6D312C /* Pods-F1CC_4.release.xcconfig */;
			buildSettings = {
				ASSETCATALOG_COMPILER_APPICON_NAME = AppIcon;
				ASSETCATALOG_COMPILER_GLOBAL_ACCENT_COLOR_NAME = AccentColor;
				CODE_SIGN_STYLE = Automatic;
				CURRENT_PROJECT_VERSION = 1;
				DEVELOPMENT_ASSET_PATHS = "\"F1CC_4/Preview Content\"";
				ENABLE_PREVIEWS = YES;
				GENERATE_INFOPLIST_FILE = YES;
				INFOPLIST_FILE = "F1CC-4-Info.plist";
				INFOPLIST_KEY_UIApplicationSceneManifest_Generation = YES;
				INFOPLIST_KEY_UIApplicationSupportsIndirectInputEvents = YES;
				INFOPLIST_KEY_UILaunchScreen_Generation = YES;
				INFOPLIST_KEY_UISupportedInterfaceOrientations_iPad = "UIInterfaceOrientationPortrait UIInterfaceOrientationPortraitUpsideDown UIInterfaceOrientationLandscapeLeft UIInterfaceOrientationLandscapeRight";
				INFOPLIST_KEY_UISupportedInterfaceOrientations_iPhone = "UIInterfaceOrientationPortrait UIInterfaceOrientationLandscapeLeft UIInterfaceOrientationLandscapeRight";
				LD_RUNPATH_SEARCH_PATHS = (
					"$(inherited)",
					"@executable_path/Frameworks",
				);
				MARKETING_VERSION = 1.0;
				PRODUCT_BUNDLE_IDENTIFIER = "David-Joyce.F1CC-4";
				PRODUCT_NAME = "$(TARGET_NAME)";
				SWIFT_EMIT_LOC_STRINGS = YES;
				SWIFT_VERSION = 5.0;
				TARGETED_DEVICE_FAMILY = "1,2";
			};
			name = Release;
		};
		B00F31CE29C3941A007D698A /* Debug */ = {
			isa = XCBuildConfiguration;
			baseConfigurationReference = AD6984A37F1E67628824D999 /* Pods-F1CC_4Tests.debug.xcconfig */;
			buildSettings = {
				ALWAYS_EMBED_SWIFT_STANDARD_LIBRARIES = YES;
				BUNDLE_LOADER = "$(TEST_HOST)";
				CODE_SIGN_STYLE = Automatic;
				CURRENT_PROJECT_VERSION = 1;
				GENERATE_INFOPLIST_FILE = YES;
				IPHONEOS_DEPLOYMENT_TARGET = 16.2;
				MARKETING_VERSION = 1.0;
				PRODUCT_BUNDLE_IDENTIFIER = "David-Joyce.F1CC-4Tests";
				PRODUCT_NAME = "$(TARGET_NAME)";
				SWIFT_EMIT_LOC_STRINGS = NO;
				SWIFT_VERSION = 5.0;
				TARGETED_DEVICE_FAMILY = "1,2";
				TEST_HOST = "$(BUILT_PRODUCTS_DIR)/F1CC_4.app/$(BUNDLE_EXECUTABLE_FOLDER_PATH)/F1CC_4";
			};
			name = Debug;
		};
		B00F31CF29C3941A007D698A /* Release */ = {
			isa = XCBuildConfiguration;
			baseConfigurationReference = 1941B76611DB2779C9764CA6 /* Pods-F1CC_4Tests.release.xcconfig */;
			buildSettings = {
				ALWAYS_EMBED_SWIFT_STANDARD_LIBRARIES = YES;
				BUNDLE_LOADER = "$(TEST_HOST)";
				CODE_SIGN_STYLE = Automatic;
				CURRENT_PROJECT_VERSION = 1;
				GENERATE_INFOPLIST_FILE = YES;
				IPHONEOS_DEPLOYMENT_TARGET = 16.2;
				MARKETING_VERSION = 1.0;
				PRODUCT_BUNDLE_IDENTIFIER = "David-Joyce.F1CC-4Tests";
				PRODUCT_NAME = "$(TARGET_NAME)";
				SWIFT_EMIT_LOC_STRINGS = NO;
				SWIFT_VERSION = 5.0;
				TARGETED_DEVICE_FAMILY = "1,2";
				TEST_HOST = "$(BUILT_PRODUCTS_DIR)/F1CC_4.app/$(BUNDLE_EXECUTABLE_FOLDER_PATH)/F1CC_4";
			};
			name = Release;
		};
		B00F31D129C3941A007D698A /* Debug */ = {
			isa = XCBuildConfiguration;
			baseConfigurationReference = 08EA6A69D8E6303436FE4F64 /* Pods-F1CC_4-F1CC_4UITests.debug.xcconfig */;
			buildSettings = {
				ALWAYS_EMBED_SWIFT_STANDARD_LIBRARIES = YES;
				CODE_SIGN_STYLE = Automatic;
				CURRENT_PROJECT_VERSION = 1;
				GENERATE_INFOPLIST_FILE = YES;
				MARKETING_VERSION = 1.0;
				PRODUCT_BUNDLE_IDENTIFIER = "David-Joyce.F1CC-4UITests";
				PRODUCT_NAME = "$(TARGET_NAME)";
				SWIFT_EMIT_LOC_STRINGS = NO;
				SWIFT_VERSION = 5.0;
				TARGETED_DEVICE_FAMILY = "1,2";
				TEST_TARGET_NAME = F1CC_4;
			};
			name = Debug;
		};
		B00F31D229C3941A007D698A /* Release */ = {
			isa = XCBuildConfiguration;
			baseConfigurationReference = A3683ED3238422A012B5691B /* Pods-F1CC_4-F1CC_4UITests.release.xcconfig */;
			buildSettings = {
				ALWAYS_EMBED_SWIFT_STANDARD_LIBRARIES = YES;
				CODE_SIGN_STYLE = Automatic;
				CURRENT_PROJECT_VERSION = 1;
				GENERATE_INFOPLIST_FILE = YES;
				MARKETING_VERSION = 1.0;
				PRODUCT_BUNDLE_IDENTIFIER = "David-Joyce.F1CC-4UITests";
				PRODUCT_NAME = "$(TARGET_NAME)";
				SWIFT_EMIT_LOC_STRINGS = NO;
				SWIFT_VERSION = 5.0;
				TARGETED_DEVICE_FAMILY = "1,2";
				TEST_TARGET_NAME = F1CC_4;
			};
			name = Release;
		};
/* End XCBuildConfiguration section */

/* Begin XCConfigurationList section */
		B00F31A129C39417007D698A /* Build configuration list for PBXProject "F1CC_4" */ = {
			isa = XCConfigurationList;
			buildConfigurations = (
				B00F31C829C3941A007D698A /* Debug */,
				B00F31C929C3941A007D698A /* Release */,
			);
			defaultConfigurationIsVisible = 0;
			defaultConfigurationName = Release;
		};
		B00F31CA29C3941A007D698A /* Build configuration list for PBXNativeTarget "F1CC_4" */ = {
			isa = XCConfigurationList;
			buildConfigurations = (
				B00F31CB29C3941A007D698A /* Debug */,
				B00F31CC29C3941A007D698A /* Release */,
			);
			defaultConfigurationIsVisible = 0;
			defaultConfigurationName = Release;
		};
		B00F31CD29C3941A007D698A /* Build configuration list for PBXNativeTarget "F1CC_4Tests" */ = {
			isa = XCConfigurationList;
			buildConfigurations = (
				B00F31CE29C3941A007D698A /* Debug */,
				B00F31CF29C3941A007D698A /* Release */,
			);
			defaultConfigurationIsVisible = 0;
			defaultConfigurationName = Release;
		};
		B00F31D029C3941A007D698A /* Build configuration list for PBXNativeTarget "F1CC_4UITests" */ = {
			isa = XCConfigurationList;
			buildConfigurations = (
				B00F31D129C3941A007D698A /* Debug */,
				B00F31D229C3941A007D698A /* Release */,
			);
			defaultConfigurationIsVisible = 0;
			defaultConfigurationName = Release;
		};
/* End XCConfigurationList section */
	};
	rootObject = B00F319E29C39417007D698A /* Project object */;
}
